{
  "version": 4,
  "terraform_version": "1.14.6",
  "serial": 3,
  "lineage": "d83a0258-4225-01f0-1564-fbac3c4353aa",
  "outputs": {},
  "resources": [
    {
      "mode": "managed",
      "type": "databricks_cluster_policy",
      "name": "loyalty_job_cluster",
      "provider": "provider[\"registry.terraform.io/databricks/databricks\"]",
      "instances": [
        {
          "schema_version": 1,
          "attributes": {
            "definition": "{\"autoscale.max_workers\":{\"type\":\"fixed\",\"value\":8},\"autoscale.min_workers\":{\"type\":\"fixed\",\"value\":2},\"autotermination_minutes\":{\"type\":\"fixed\",\"value\":20}}",
            "description": null,
            "id": "000CECAA6A643395",
            "libraries": [],
            "max_clusters_per_user": 0,
            "name": "loyalty-optimised-job-cluster",
            "policy_family_definition_overrides": null,
            "policy_family_id": null,
            "policy_id": "000CECAA6A643395",
            "provider_config": []
          },
          "sensitive_attributes": [],
          "identity_schema_version": 0,
          "private": "eyJzY2hlbWFfdmVyc2lvbiI6IjEifQ=="
        }
      ]
    }
  ],
  "check_results": null
}
